
Microsoft Visual Studio Solution File, Format Version 12.00
# Visual Studio 15
VisualStudioVersion = 15.0.27130.2036
MinimumVisualStudioVersion = 10.0.40219.1
Project("{FAE04EC0-301F-11D3-BF4B-00C04F79EFBC}") = "ConsoleOktaClient", "ConsoleOktaClient\ConsoleOktaClient.csproj", "{674AA558-E07B-41D7-9869-073CAF2E90DF}"
EndProject
Project("{FAE04EC0-301F-11D3-BF4B-00C04F79EFBC}") = "SimpleServiceLib", "SimpleServiceLib\SimpleServiceLib.csproj", "{B16F6EC5-261C-4FDF-B1BA-B68CE23E431E}"
EndProject
Global
	GlobalSection(SolutionConfigurationPlatforms) = preSolution
		Debug|Any CPU = Debug|Any CPU
		Release|Any CPU = Release|Any CPU
	EndGlobalSection
	GlobalSection(ProjectConfigurationPlatforms) = postSolution
		{674AA558-E07B-41D7-9869-073CAF2E90DF}.Debug|Any CPU.ActiveCfg = Debug|Any CPU
		{674AA558-E07B-41D7-9869-073CAF2E90DF}.Debug|Any CPU.Build.0 = Debug|Any CPU
		{674AA558-E07B-41D7-9869-073CAF2E90DF}.Release|Any CPU.ActiveCfg = Release|Any CPU
		{674AA558-E07B-41D7-9869-073CAF2E90DF}.Release|Any CPU.Build.0 = Release|Any CPU
		{B16F6EC5-261C-4FDF-B1BA-B68CE23E431E}.Debug|Any CPU.ActiveCfg = Debug|Any CPU
		{B16F6EC5-261C-4FDF-B1BA-B68CE23E431E}.Debug|Any CPU.Build.0 = Debug|Any CPU
		{B16F6EC5-261C-4FDF-B1BA-B68CE23E431E}.Release|Any CPU.ActiveCfg = Release|Any CPU
		{B16F6EC5-261C-4FDF-B1BA-B68CE23E431E}.Release|Any CPU.Build.0 = Release|Any CPU
	EndGlobalSection
	GlobalSection(SolutionProperties) = preSolution
		HideSolutionNode = FALSE
	EndGlobalSection
	GlobalSection(ExtensibilityGlobals) = postSolution
		SolutionGuid = {4F047707-44B0-4784-84A5-60310318DDBA}
	EndGlobalSection
EndGlobal
